
Microsoft Visual Studio Solution File, Format Version 12.00
# Visual Studio 15
VisualStudioVersion = 15.0.26430.6
MinimumVisualStudioVersion = 10.0.40219.1
Project("{FAE04EC0-301F-11D3-BF4B-00C04F79EFBC}") = "LearnIt", "LearnIt\LearnIt.csproj", "{CF7FFD49-886D-416D-A95B-383280B3CA49}"
EndProject
Project("{FAE04EC0-301F-11D3-BF4B-00C04F79EFBC}") = "LearnIt.UnitTests", "LearnIt.Tests\LearnIt.UnitTests.csproj", "{A59DE102-DA2C-4C54-BAC7-1A3B51636DD0}"
EndProject
Project("{2150E333-8FDC-42A3-9474-1A3956D46DE8}") = "Data", "Data", "{E514C81F-0679-4CA0-8ED0-A4AA123B40F7}"
EndProject
Project("{FAE04EC0-301F-11D3-BF4B-00C04F79EFBC}") = "LearnIt.Data", "LearnIt.Data\LearnIt.Data.csproj", "{862DA882-5E3A-4368-A132-F4CC8C4FFDB8}"
EndProject
Project("{2150E333-8FDC-42A3-9474-1A3956D46DE8}") = "Services", "Services", "{49DCE734-7E06-47B7-AB9E-167DB1896887}"
EndProject
Project("{FAE04EC0-301F-11D3-BF4B-00C04F79EFBC}") = "LearnIt.DataServices", "LearnIt.Data.Services\LearnIt.DataServices.csproj", "{6E9B02B7-D566-4BF0-BA1D-53E51D189887}"
EndProject
Global
	GlobalSection(SolutionConfigurationPlatforms) = preSolution
		Debug|Any CPU = Debug|Any CPU
		Release|Any CPU = Release|Any CPU
	EndGlobalSection
	GlobalSection(ProjectConfigurationPlatforms) = postSolution
		{CF7FFD49-886D-416D-A95B-383280B3CA49}.Debug|Any CPU.ActiveCfg = Debug|Any CPU
		{CF7FFD49-886D-416D-A95B-383280B3CA49}.Debug|Any CPU.Build.0 = Debug|Any CPU
		{CF7FFD49-886D-416D-A95B-383280B3CA49}.Release|Any CPU.ActiveCfg = Release|Any CPU
		{CF7FFD49-886D-416D-A95B-383280B3CA49}.Release|Any CPU.Build.0 = Release|Any CPU
		{A59DE102-DA2C-4C54-BAC7-1A3B51636DD0}.Debug|Any CPU.ActiveCfg = Debug|Any CPU
		{A59DE102-DA2C-4C54-BAC7-1A3B51636DD0}.Debug|Any CPU.Build.0 = Debug|Any CPU
		{A59DE102-DA2C-4C54-BAC7-1A3B51636DD0}.Release|Any CPU.ActiveCfg = Release|Any CPU
		{A59DE102-DA2C-4C54-BAC7-1A3B51636DD0}.Release|Any CPU.Build.0 = Release|Any CPU
		{862DA882-5E3A-4368-A132-F4CC8C4FFDB8}.Debug|Any CPU.ActiveCfg = Debug|Any CPU
		{862DA882-5E3A-4368-A132-F4CC8C4FFDB8}.Debug|Any CPU.Build.0 = Debug|Any CPU
		{862DA882-5E3A-4368-A132-F4CC8C4FFDB8}.Release|Any CPU.ActiveCfg = Release|Any CPU
		{862DA882-5E3A-4368-A132-F4CC8C4FFDB8}.Release|Any CPU.Build.0 = Release|Any CPU
		{6E9B02B7-D566-4BF0-BA1D-53E51D189887}.Debug|Any CPU.ActiveCfg = Debug|Any CPU
		{6E9B02B7-D566-4BF0-BA1D-53E51D189887}.Debug|Any CPU.Build.0 = Debug|Any CPU
		{6E9B02B7-D566-4BF0-BA1D-53E51D189887}.Release|Any CPU.ActiveCfg = Release|Any CPU
		{6E9B02B7-D566-4BF0-BA1D-53E51D189887}.Release|Any CPU.Build.0 = Release|Any CPU
	EndGlobalSection
	GlobalSection(SolutionProperties) = preSolution
		HideSolutionNode = FALSE
	EndGlobalSection
	GlobalSection(NestedProjects) = preSolution
		{862DA882-5E3A-4368-A132-F4CC8C4FFDB8} = {E514C81F-0679-4CA0-8ED0-A4AA123B40F7}
		{6E9B02B7-D566-4BF0-BA1D-53E51D189887} = {49DCE734-7E06-47B7-AB9E-167DB1896887}
	EndGlobalSection
	GlobalSection(ExtensibilityGlobals) = postSolution
		SolutionGuid = {3625DE6D-9759-4FEE-8E96-EC7E077DECF3}
	EndGlobalSection
EndGlobal
